
Microsoft Visual Studio Solution File, Format Version 12.00
# Visual Studio Version 17
VisualStudioVersion = 17.0.31903.59
MinimumVisualStudioVersion = 10.0.40219.1
Project("{2150E333-8FDC-42A3-9474-1A3956D46DE8}") = "src", "src", "{B61C3ADF-525B-423D-939B-2863D3718EF9}"
EndProject
Project("{FAE04EC0-301F-11D3-BF4B-00C04F79EFBC}") = "Wc3.Mcp", "src\Wc3.Mcp\Wc3.Mcp.csproj", "{F6E27EE7-C50A-49CE-B61A-CC18982C7BC8}"
EndProject
Project("{FAE04EC0-301F-11D3-BF4B-00C04F79EFBC}") = "Wc3.Commands", "src\Wc3.Commands\Wc3.Commands.csproj", "{24FEC0EB-27F0-4726-A079-39596A6DE38E}"
EndProject
Project("{FAE04EC0-301F-11D3-BF4B-00C04F79EFBC}") = "Wc3.MapDocument", "src\Wc3.MapDocument\Wc3.MapDocument.csproj", "{80B305DE-EFEF-4025-8516-346CF5DCBE52}"
EndProject
Project("{FAE04EC0-301F-11D3-BF4B-00C04F79EFBC}") = "Wc3.GameData", "src\Wc3.GameData\Wc3.GameData.csproj", "{9356D2B8-3890-438E-9CFD-18DAF151E632}"
EndProject
Project("{FAE04EC0-301F-11D3-BF4B-00C04F79EFBC}") = "Wc3.Modeling", "src\Wc3.Modeling\Wc3.Modeling.csproj", "{879FD074-7C34-4AA5-92C1-6FFCD196A669}"
EndProject
Project("{FAE04EC0-301F-11D3-BF4B-00C04F79EFBC}") = "Wc3.Render", "src\Wc3.Render\Wc3.Render.csproj", "{8FA48234-9C86-4AE2-B701-783999D9B1C4}"
EndProject
Project("{2150E333-8FDC-42A3-9474-1A3956D46DE8}") = "tests", "tests", "{083521E2-CB93-4078-A51F-8BD09EF3D7C8}"
EndProject
Project("{FAE04EC0-301F-11D3-BF4B-00C04F79EFBC}") = "Wc3.Tests", "tests\Wc3.Tests\Wc3.Tests.csproj", "{A7942E8A-A721-4207-91D0-7F4750D53E1F}"
EndProject
Global
	GlobalSection(SolutionConfigurationPlatforms) = preSolution
		Debug|Any CPU = Debug|Any CPU
		Release|Any CPU = Release|Any CPU
	EndGlobalSection
	GlobalSection(SolutionProperties) = preSolution
		HideSolutionNode = FALSE
	EndGlobalSection
	GlobalSection(ProjectConfigurationPlatforms) = postSolution
		{F6E27EE7-C50A-49CE-B61A-CC18982C7BC8}.Debug|Any CPU.ActiveCfg = Debug|Any CPU
		{F6E27EE7-C50A-49CE-B61A-CC18982C7BC8}.Debug|Any CPU.Build.0 = Debug|Any CPU
		{F6E27EE7-C50A-49CE-B61A-CC18982C7BC8}.Release|Any CPU.ActiveCfg = Release|Any CPU
		{F6E27EE7-C50A-49CE-B61A-CC18982C7BC8}.Release|Any CPU.Build.0 = Release|Any CPU
		{24FEC0EB-27F0-4726-A079-39596A6DE38E}.Debug|Any CPU.ActiveCfg = Debug|Any CPU
		{24FEC0EB-27F0-4726-A079-39596A6DE38E}.Debug|Any CPU.Build.0 = Debug|Any CPU
		{24FEC0EB-27F0-4726-A079-39596A6DE38E}.Release|Any CPU.ActiveCfg = Release|Any CPU
		{24FEC0EB-27F0-4726-A079-39596A6DE38E}.Release|Any CPU.Build.0 = Release|Any CPU
		{80B305DE-EFEF-4025-8516-346CF5DCBE52}.Debug|Any CPU.ActiveCfg = Debug|Any CPU
		{80B305DE-EFEF-4025-8516-346CF5DCBE52}.Debug|Any CPU.Build.0 = Debug|Any CPU
		{80B305DE-EFEF-4025-8516-346CF5DCBE52}.Release|Any CPU.ActiveCfg = Release|Any CPU
		{80B305DE-EFEF-4025-8516-346CF5DCBE52}.Release|Any CPU.Build.0 = Release|Any CPU
		{9356D2B8-3890-438E-9CFD-18DAF151E632}.Debug|Any CPU.ActiveCfg = Debug|Any CPU
		{9356D2B8-3890-438E-9CFD-18DAF151E632}.Debug|Any CPU.Build.0 = Debug|Any CPU
		{9356D2B8-3890-438E-9CFD-18DAF151E632}.Release|Any CPU.ActiveCfg = Release|Any CPU
		{9356D2B8-3890-438E-9CFD-18DAF151E632}.Release|Any CPU.Build.0 = Release|Any CPU
		{879FD074-7C34-4AA5-92C1-6FFCD196A669}.Debug|Any CPU.ActiveCfg = Debug|Any CPU
		{879FD074-7C34-4AA5-92C1-6FFCD196A669}.Debug|Any CPU.Build.0 = Debug|Any CPU
		{879FD074-7C34-4AA5-92C1-6FFCD196A669}.Release|Any CPU.ActiveCfg = Release|Any CPU
		{879FD074-7C34-4AA5-92C1-6FFCD196A669}.Release|Any CPU.Build.0 = Release|Any CPU
		{8FA48234-9C86-4AE2-B701-783999D9B1C4}.Debug|Any CPU.ActiveCfg = Debug|Any CPU
		{8FA48234-9C86-4AE2-B701-783999D9B1C4}.Debug|Any CPU.Build.0 = Debug|Any CPU
		{8FA48234-9C86-4AE2-B701-783999D9B1C4}.Release|Any CPU.ActiveCfg = Release|Any CPU
		{8FA48234-9C86-4AE2-B701-783999D9B1C4}.Release|Any CPU.Build.0 = Release|Any CPU
		{A7942E8A-A721-4207-91D0-7F4750D53E1F}.Debug|Any CPU.ActiveCfg = Debug|Any CPU
		{A7942E8A-A721-4207-91D0-7F4750D53E1F}.Debug|Any CPU.Build.0 = Debug|Any CPU
		{A7942E8A-A721-4207-91D0-7F4750D53E1F}.Release|Any CPU.ActiveCfg = Release|Any CPU
		{A7942E8A-A721-4207-91D0-7F4750D53E1F}.Release|Any CPU.Build.0 = Release|Any CPU
	EndGlobalSection
	GlobalSection(NestedProjects) = preSolution
		{F6E27EE7-C50A-49CE-B61A-CC18982C7BC8} = {B61C3ADF-525B-423D-939B-2863D3718EF9}
		{24FEC0EB-27F0-4726-A079-39596A6DE38E} = {B61C3ADF-525B-423D-939B-2863D3718EF9}
		{80B305DE-EFEF-4025-8516-346CF5DCBE52} = {B61C3ADF-525B-423D-939B-2863D3718EF9}
		{9356D2B8-3890-438E-9CFD-18DAF151E632} = {B61C3ADF-525B-423D-939B-2863D3718EF9}
		{879FD074-7C34-4AA5-92C1-6FFCD196A669} = {B61C3ADF-525B-423D-939B-2863D3718EF9}
		{8FA48234-9C86-4AE2-B701-783999D9B1C4} = {B61C3ADF-525B-423D-939B-2863D3718EF9}
		{A7942E8A-A721-4207-91D0-7F4750D53E1F} = {083521E2-CB93-4078-A51F-8BD09EF3D7C8}
	EndGlobalSection
EndGlobal
